{
  "name": "testtt2",
  "version": "1.0.0",
  "lockfileVersion": 3,
  "requires": true,
  "packages": {
    "": {
      "name": "testtt2",
      "version": "1.0.0",
      "license": "ISC",
      "dependencies": {
        "email-alias-core": "^1.0.1"
      }
    },
    "node_modules/email-alias-core": {
      "version": "1.0.1",
      "resolved": "https://registry.npmjs.org/email-alias-core/-/email-alias-core-1.0.1.tgz",
      "integrity": "sha512-JtrnexV0ItvDcKM/PKq8sVdCo1H1AVAeai5shK19aHmG1T03eTzK6LlDRR3fSc4u0P8a0A4t0w6V8LZyT9ugmg==",
      "license": "MIT"
    }
  }
}
